// !$*UTF8*$!
{
	archiveVersion = 1;
	classes = {
	};
	objectVersion = 46;
	objects = {

/* Begin PBXBuildFile section */
		65CF55B41C51003A007B9BF5 /* main.m in Sources */ = {isa = PBXBuildFile; fileRef = 65CF55B31C51003A007B9BF5 /* main.m */; };
		65CF55B71C51003A007B9BF5 /* AppDelegate.m in Sources */ = {isa = PBXBuildFile; fileRef = 65CF55B61C51003A007B9BF5 /* AppDelegate.m */; };
		65CF55BA1C51003A007B9BF5 /* ViewController.m in Sources */ = {isa = PBXBuildFile; fileRef = 65CF55B91C51003A007B9BF5 /* ViewController.m */; };
		65CF55BD1C51003A007B9BF5 /* Main.storyboard in Resources */ = {isa = PBXBuildFile; fileRef = 65CF55BB1C51003A007B9BF5 /* Main.storyboard */; };
		65CF55BF1C51003A007B9BF5 /* Assets.xcassets in Resources */ = {isa = PBXBuildFile; fileRef = 65CF55BE1C51003A007B9BF5 /* Assets.xcassets */; };
		65CF55C21C51003A007B9BF5 /* LaunchScreen.storyboard in Resources */ = {isa = PBXBuildFile; fileRef = 65CF55C01C51003A007B9BF5 /* LaunchScreen.storyboard */; };
		65CF55CC1C5100C4007B9BF5 /* FGJailbreakDetector.m in Sources */ = {isa = PBXBuildFile; fileRef = 65CF55CB1C5100C4007B9BF5 /* FGJailbreakDetector.m */; };
/* End PBXBuildFile section */

/* Begin PBXFileReference section */
		65CF55AF1C51003A007B9BF5 /* FGJailbreakDetector.app */ = {isa = PBXFileReference; explicitFileType = wrapper.application; includeInIndex = 0; path = FGJailbreakDetector.app; sourceTree = BUILT_PRODUCTS_DIR; };
		65CF55B31C51003A007B9BF5 /* main.m */ = {isa = PBXFileReference; lastKnownFileType = sourcecode.c.objc; path = main.m; sourceTree = "<group>"; };
		65CF55B51C51003A007B9BF5 /* AppDelegate.h */ = {isa = PBXFileReference; lastKnownFileType = sourcecode.c.h; path = AppDelegate.h; sourceTree = "<group>"; };
		65CF55B61C51003A007B9BF5 /* AppDelegate.m */ = {isa = PBXFileReference; lastKnownFileType = sourcecode.c.objc; path = AppDelegate.m; sourceTree = "<group>"; };
		65CF55B81C51003A007B9BF5 /* ViewController.h */ = {isa = PBXFileReference; lastKnownFileType = sourcecode.c.h; path = ViewController.h; sourceTree = "<group>"; };
		65CF55B91C51003A007B9BF5 /* ViewController.m */ = {isa = PBXFileReference; lastKnownFileType = sourcecode.c.objc; path = ViewController.m; sourceTree = "<group>"; };
		65CF55BC1C51003A007B9BF5 /* Base */ = {isa = PBXFileReference; lastKnownFileType = file.storyboard; name = Base; path = Base.lproj/Main.storyboard; sourceTree = "<group>"; };
		65CF55BE1C51003A007B9BF5 /* Assets.xcassets */ = {isa = PBXFileReference; lastKnownFileType = folder.assetcatalog; path = Assets.xcassets; sourceTree = "<group>"; };
		65CF55C11C51003A007B9BF5 /* Base */ = {isa = PBXFileReference; lastKnownFileType = file.storyboard; name = Base; path = Base.lproj/LaunchScreen.storyboard; sourceTree = "<group>"; };
		65CF55C31C51003A007B9BF5 /* Info.plist */ = {isa = PBXFileReference; lastKnownFileType = text.plist.xml; path = Info.plist; sourceTree = "<group>"; };
		65CF55CA1C5100C4007B9BF5 /* FGJailbreakDetector.h */ = {isa = PBXFileReference; fileEncoding = 4; lastKnownFileType = sourcecode.c.h; path = FGJailbreakDetector.h; sourceTree = "<group>"; };
		65CF55CB1C5100C4007B9BF5 /* FGJailbreakDetector.m */ = {isa = PBXFileReference; fileEncoding = 4; lastKnownFileType = sourcecode.c.objc; path = FGJailbreakDetector.m; sourceTree = "<group>"; };
/* End PBXFileReference section */

/* Begin PBXFrameworksBuildPhase section */
		65CF55AC1C51003A007B9BF5 /* Frameworks */ = {
			isa = PBXFrameworksBuildPhase;
			buildActionMask = 2147483647;
			files = (
			);
			runOnlyForDeploymentPostprocessing = 0;
		};
/* End PBXFrameworksBuildPhase section */

/* Begin PBXGroup section */
		65CF55A61C51003A007B9BF5 = {
			isa = PBXGroup;
			children = (
				65CF55B11C51003A007B9BF5 /* FGJailbreakDetector */,
				65CF55B01C51003A007B9BF5 /* Products */,
			);
			sourceTree = "<group>";
		};
		65CF55B01C51003A007B9BF5 /* Products */ = {
			isa = PBXGroup;
			children = (
				65CF55AF1C51003A007B9BF5 /* FGJailbreakDetector.app */,
			);
			name = Products;
			sourceTree = "<group>";
		};
		65CF55B11C51003A007B9BF5 /* FGJailbreakDetector */ = {
			isa = PBXGroup;
			children = (
				65CF55C91C51009D007B9BF5 /* FGJailbreakDetector */,
				65CF55B51C51003A007B9BF5 /* AppDelegate.h */,
				65CF55B61C51003A007B9BF5 /* AppDelegate.m */,
				65CF55B81C51003A007B9BF5 /* ViewController.h */,
				65CF55B91C51003A007B9BF5 /* ViewController.m */,
				65CF55BB1C51003A007B9BF5 /* Main.storyboard */,
				65CF55BE1C51003A007B9BF5 /* Assets.xcassets */,
				65CF55C01C51003A007B9BF5 /* LaunchScreen.storyboard */,
				65CF55C31C51003A007B9BF5 /* Info.plist */,
				65CF55B21C51003A007B9BF5 /* Supporting Files */,
			);
			path = FGJailbreakDetector;
			sourceTree = "<group>";
		};
		65CF55B21C51003A007B9BF5 /* Supporting Files */ = {
			isa = PBXGroup;
			children = (
				65CF55B31C51003A007B9BF5 /* main.m */,
			);
			name = "Supporting Files";
			sourceTree = "<group>";
		};
		65CF55C91C51009D007B9BF5 /* FGJailbreakDetector */ = {
			isa = PBXGroup;
			children = (
				65CF55CA1C5100C4007B9BF5 /* FGJailbreakDetector.h */,
				65CF55CB1C5100C4007B9BF5 /* FGJailbreakDetector.m */,
			);
			path = FGJailbreakDetector;
			sourceTree = "<group>";
		};
/* End PBXGroup section */

/* Begin PBXNativeTarget section */
		65CF55AE1C51003A007B9BF5 /* FGJailbreakDetector */ = {
			isa = PBXNativeTarget;
			buildConfigurationList = 65CF55C61C51003A007B9BF5 /* Build configuration list for PBXNativeTarget "FGJailbreakDetector" */;
			buildPhases = (
				65CF55AB1C51003A007B9BF5 /* Sources */,
				65CF55AC1C51003A007B9BF5 /* Frameworks */,
				65CF55AD1C51003A007B9BF5 /* Resources */,
			);
			buildRules = (
			);
			dependencies = (
			);
			name = FGJailbreakDetector;
			productName = FGJailbreakDetector;
			productReference = 65CF55AF1C51003A007B9BF5 /* FGJailbreakDetector.app */;
			productType = "com.apple.product-type.application";
		};
/* End PBXNativeTarget section */

/* Begin PBXProject section */
		65CF55A71C51003A007B9BF5 /* Project object */ = {
			isa = PBXProject;
			attributes = {
				LastUpgradeCheck = 0720;
				ORGANIZATIONNAME = "Feng Guo";
				TargetAttributes = {
					65CF55AE1C51003A007B9BF5 = {
						CreatedOnToolsVersion = 7.2;
					};
				};
			};
			buildConfigurationList = 65CF55AA1C51003A007B9BF5 /* Build configuration list for PBXProject "FGJailbreakDetector" */;
			compatibilityVersion = "Xcode 3.2";
			developmentRegion = English;
			hasScannedForEncodings = 0;
			knownRegions = (
				en,
				Base,
			);
			mainGroup = 65CF55A61C51003A007B9BF5;
			productRefGroup = 65CF55B01C51003A007B9BF5 /* Products */;
			projectDirPath = "";
			projectRoot = "";
			targets = (
				65CF55AE1C51003A007B9BF5 /* FGJailbreakDetector */,
			);
		};
/* End PBXProject section */

/* Begin PBXResourcesBuildPhase section */
		65CF55AD1C51003A007B9BF5 /* Resources */ = {
			isa = PBXResourcesBuildPhase;
			buildActionMask = 2147483647;
			files = (
				65CF55C21C51003A007B9BF5 /* LaunchScreen.storyboard in Resources */,
				65CF55BF1C51003A007B9BF5 /* Assets.xcassets in Resources */,
				65CF55BD1C51003A007B9BF5 /* Main.storyboard in Resources */,
			);
			runOnlyForDeploymentPostprocessing = 0;
		};
/* End PBXResourcesBuildPhase section */

/* Begin PBXSourcesBuildPhase section */
		65CF55AB1C51003A007B9BF5 /* Sources */ = {
			isa = PBXSourcesBuildPhase;
			buildActionMask = 2147483647;
			files = (
				65CF55CC1C5100C4007B9BF5 /* FGJailbreakDetector.m in Sources */,
				65CF55BA1C51003A007B9BF5 /* ViewController.m in Sources */,
				65CF55B71C51003A007B9BF5 /* AppDelegate.m in Sources */,
				65CF55B41C51003A007B9BF5 /* main.m in Sources */,
			);
			runOnlyForDeploymentPostprocessing = 0;
		};
/* End PBXSourcesBuildPhase section */

/* Begin PBXVariantGroup section */
		65CF55BB1C51003A007B9BF5 /* Main.storyboard */ = {
			isa = PBXVariantGroup;
			children = (
				65CF55BC1C51003A007B9BF5 /* Base */,
			);
			name = Main.storyboard;
			sourceTree = "<group>";
		};
		65CF55C01C51003A007B9BF5 /* LaunchScreen.storyboard */ = {
			isa = PBXVariantGroup;
			children = (
				65CF55C11C51003A007B9BF5 /* Base */,
			);
			name = LaunchScreen.storyboard;
			sourceTree = "<group>";
		};
/* End PBXVariantGroup section */

/* Begin XCBuildConfiguration section */
		65CF55C41C51003A007B9BF5 /* Debug */ = {
			isa = XCBuildConfiguration;
			buildSettings = {
				ALWAYS_SEARCH_USER_PATHS = NO;
				CLANG_CXX_LANGUAGE_STANDARD = "gnu++0x";
				CLANG_CXX_LIBRARY = "libc++";
				CLANG_ENABLE_MODULES = YES;
				CLANG_ENABLE_OBJC_ARC = YES;
				CLANG_WARN_BOOL_CONVERSION = YES;
				CLANG_WARN_CONSTANT_CONVERSION = YES;
				CLANG_WARN_DIRECT_OBJC_ISA_USAGE = YES_ERROR;
				CLANG_WARN_EMPTY_BODY = YES;
				CLANG_WARN_ENUM_CONVERSION = YES;
				CLANG_WARN_INT_CONVERSION = YES;
				CLANG_WARN_OBJC_ROOT_CLASS = YES_ERROR;
				CLANG_WARN_UNREACHABLE_CODE = YES;
				CLANG_WARN__DUPLICATE_METHOD_MATCH = YES;
				"CODE_SIGN_IDENTITY[sdk=iphoneos*]" = "iPhone Developer";
				COPY_PHASE_STRIP = NO;
				DEBUG_INFORMATION_FORMAT = dwarf;
				ENABLE_STRICT_OBJC_MSGSEND = YES;
				ENABLE_TESTABILITY = YES;
				GCC_C_LANGUAGE_STANDARD = gnu99;
				GCC_DYNAMIC_NO_PIC = NO;
				GCC_NO_COMMON_BLOCKS = YES;
				GCC_OPTIMIZATION_LEVEL = 0;
				GCC_PREPROCESSOR_DEFINITIONS = (
					"DEBUG=1",
					"$(inherited)",
				);
				GCC_WARN_64_TO_32_BIT_CONVERSION = YES;
				GCC_WARN_ABOUT_RETURN_TYPE = YES_ERROR;
				GCC_WARN_UNDECLARED_SELECTOR = YES;
				GCC_WARN_UNINITIALIZED_AUTOS = YES_AGGRESSIVE;
				GCC_WARN_UNUSED_FUNCTION = YES;
				GCC_WARN_UNUSED_VARIABLE = YES;
				IPHONEOS_DEPLOYMENT_TARGET = 9.2;
				MTL_ENABLE_DEBUG_INFO = YES;
				ONLY_ACTIVE_ARCH = YES;
				SDKROOT = iphoneos;
				TARGETED_DEVICE_FAMILY = "1,2";
			};
			name = Debug;
		};
		65CF55C51C51003A007B9BF5 /* Release */ = {
			isa = XCBuildConfiguration;
			buildSettings = {
				ALWAYS_SEARCH_USER_PATHS = NO;
				CLANG_CXX_LANGUAGE_STANDARD = "gnu++0x";
				CLANG_CXX_LIBRARY = "libc++";
				CLANG_ENABLE_MODULES = YES;
				CLANG_ENABLE_OBJC_ARC = YES;
				CLANG_WARN_BOOL_CONVERSION = YES;
				CLANG_WARN_CONSTANT_CONVERSION = YES;
				CLANG_WARN_DIRECT_OBJC_ISA_USAGE = YES_ERROR;
				CLANG_WARN_EMPTY_BODY = YES;
				CLANG_WARN_ENUM_CONVERSION = YES;
				CLANG_WARN_INT_CONVERSION = YES;
				CLANG_WARN_OBJC_ROOT_CLASS = YES_ERROR;
				CLANG_WARN_UNREACHABLE_CODE = YES;
				CLANG_WARN__DUPLICATE_METHOD_MATCH = YES;
				"CODE_SIGN_IDENTITY[sdk=iphoneos*]" = "iPhone Developer";
				COPY_PHASE_STRIP = NO;
				DEBUG_INFORMATION_FORMAT = "dwarf-with-dsym";
				ENABLE_NS_ASSERTIONS = NO;
				ENABLE_STRICT_OBJC_MSGSEND = YES;
				GCC_C_LANGUAGE_STANDARD = gnu99;
				GCC_NO_COMMON_BLOCKS = YES;
				GCC_WARN_64_TO_32_BIT_CONVERSION = YES;
				GCC_WARN_ABOUT_RETURN_TYPE = YES_ERROR;
				GCC_WARN_UNDECLARED_SELECTOR = YES;
				GCC_WARN_UNINITIALIZED_AUTOS = YES_AGGRESSIVE;
				GCC_WARN_UNUSED_FUNCTION = YES;
				GCC_WARN_UNUSED_VARIABLE = YES;
				IPHONEOS_DEPLOYMENT_TARGET = 9.2;
				MTL_ENABLE_DEBUG_INFO = NO;
				SDKROOT = iphoneos;
				TARGETED_DEVICE_FAMILY = "1,2";
				VALIDATE_PRODUCT = YES;
			};
			name = Release;
		};
		65CF55C71C51003A007B9BF5 /* Debug */ = {
			isa = XCBuildConfiguration;
			buildSettings = {
				ASSETCATALOG_COMPILER_APPICON_NAME = AppIcon;
				INFOPLIST_FILE = FGJailbreakDetector/Info.plist;
				LD_RUNPATH_SEARCH_PATHS = "$(inherited) @executable_path/Frameworks";
				PRODUCT_BUNDLE_IDENTIFIER = com.feng.FGJailbreakDetector;
				PRODUCT_NAME = "$(TARGET_NAME)";
			};
			name = Debug;
		};
		65CF55C81C51003A007B9BF5 /* Release */ = {
			isa = XCBuildConfiguration;
			buildSettings = {
				ASSETCATALOG_COMPILER_APPICON_NAME = AppIcon;
				INFOPLIST_FILE = FGJailbreakDetector/Info.plist;
				LD_RUNPATH_SEARCH_PATHS = "$(inherited) @executable_path/Frameworks";
				PRODUCT_BUNDLE_IDENTIFIER = com.feng.FGJailbreakDetector;
				PRODUCT_NAME = "$(TARGET_NAME)";
			};
			name = Release;
		};
/* End XCBuildConfiguration section */

/* Begin XCConfigurationList section */
		65CF55AA1C51003A007B9BF5 /* Build configuration list for PBXProject "FGJailbreakDetector" */ = {
			isa = XCConfigurationList;
			buildConfigurations = (
				65CF55C41C51003A007B9BF5 /* Debug */,
				65CF55C51C51003A007B9BF5 /* Release */,
			);
			defaultConfigurationIsVisible = 0;
			defaultConfigurationName = Release;
		};
		65CF55C61C51003A007B9BF5 /* Build configuration list for PBXNativeTarget "FGJailbreakDetector" */ = {
			isa = XCConfigurationList;
			buildConfigurations = (
				65CF55C71C51003A007B9BF5 /* Debug */,
				65CF55C81C51003A007B9BF5 /* Release */,
			);
			defaultConfigurationIsVisible = 0;
			defaultConfigurationName = Release;
		};
/* End XCConfigurationList section */
	};
	rootObject = 65CF55A71C51003A007B9BF5 /* Project object */;
}
